
Microsoft Visual Studio Solution File, Format Version 12.00
# Visual Studio 15
VisualStudioVersion = 15.0.27703.2047
MinimumVisualStudioVersion = 10.0.40219.1
Project("{FAE04EC0-301F-11D3-BF4B-00C04F79EFBC}") = "WCF.CiS", "REST\WCF.CiS\WCF.CiS.csproj", "{8F641E57-E30B-4392-8042-A04F6303FECD}"
EndProject
Project("{FAE04EC0-301F-11D3-BF4B-00C04F79EFBC}") = "BE.CiS", "BE\BE.CiS\BE.CiS.csproj", "{6045E94A-EB5A-493B-94A1-0F3B6B2B4AC0}"
EndProject
Project("{FAE04EC0-301F-11D3-BF4B-00C04F79EFBC}") = "DAC.CiS", "DAC\DAC.CiS\DAC.CiS.csproj", "{17192422-17FD-46EF-B793-3E3CF34205B7}"
EndProject
Project("{FAE04EC0-301F-11D3-BF4B-00C04F79EFBC}") = "Logger.CiS", "Logger\Logger.CiS\Logger.CiS.csproj", "{5B9BD619-04C0-445E-90D9-9D08E1BDD67B}"
EndProject
Project("{FAE04EC0-301F-11D3-BF4B-00C04F79EFBC}") = "BL.CiS", "BL\BL.CiS\BL.CiS.csproj", "{5142CCDF-C61B-42A3-BDB2-314B58EF35E4}"
EndProject
Global
	GlobalSection(SolutionConfigurationPlatforms) = preSolution
		Debug|Any CPU = Debug|Any CPU
		Release|Any CPU = Release|Any CPU
	EndGlobalSection
	GlobalSection(ProjectConfigurationPlatforms) = postSolution
		{8F641E57-E30B-4392-8042-A04F6303FECD}.Debug|Any CPU.ActiveCfg = Debug|Any CPU
		{8F641E57-E30B-4392-8042-A04F6303FECD}.Debug|Any CPU.Build.0 = Debug|Any CPU
		{8F641E57-E30B-4392-8042-A04F6303FECD}.Release|Any CPU.ActiveCfg = Release|Any CPU
		{8F641E57-E30B-4392-8042-A04F6303FECD}.Release|Any CPU.Build.0 = Release|Any CPU
		{6045E94A-EB5A-493B-94A1-0F3B6B2B4AC0}.Debug|Any CPU.ActiveCfg = Debug|Any CPU
		{6045E94A-EB5A-493B-94A1-0F3B6B2B4AC0}.Debug|Any CPU.Build.0 = Debug|Any CPU
		{6045E94A-EB5A-493B-94A1-0F3B6B2B4AC0}.Release|Any CPU.ActiveCfg = Release|Any CPU
		{6045E94A-EB5A-493B-94A1-0F3B6B2B4AC0}.Release|Any CPU.Build.0 = Release|Any CPU
		{17192422-17FD-46EF-B793-3E3CF34205B7}.Debug|Any CPU.ActiveCfg = Debug|Any CPU
		{17192422-17FD-46EF-B793-3E3CF34205B7}.Debug|Any CPU.Build.0 = Debug|Any CPU
		{17192422-17FD-46EF-B793-3E3CF34205B7}.Release|Any CPU.ActiveCfg = Release|Any CPU
		{17192422-17FD-46EF-B793-3E3CF34205B7}.Release|Any CPU.Build.0 = Release|Any CPU
		{5B9BD619-04C0-445E-90D9-9D08E1BDD67B}.Debug|Any CPU.ActiveCfg = Debug|Any CPU
		{5B9BD619-04C0-445E-90D9-9D08E1BDD67B}.Debug|Any CPU.Build.0 = Debug|Any CPU
		{5B9BD619-04C0-445E-90D9-9D08E1BDD67B}.Release|Any CPU.ActiveCfg = Release|Any CPU
		{5B9BD619-04C0-445E-90D9-9D08E1BDD67B}.Release|Any CPU.Build.0 = Release|Any CPU
		{5142CCDF-C61B-42A3-BDB2-314B58EF35E4}.Debug|Any CPU.ActiveCfg = Debug|Any CPU
		{5142CCDF-C61B-42A3-BDB2-314B58EF35E4}.Debug|Any CPU.Build.0 = Debug|Any CPU
		{5142CCDF-C61B-42A3-BDB2-314B58EF35E4}.Release|Any CPU.ActiveCfg = Release|Any CPU
		{5142CCDF-C61B-42A3-BDB2-314B58EF35E4}.Release|Any CPU.Build.0 = Release|Any CPU
	EndGlobalSection
	GlobalSection(SolutionProperties) = preSolution
		HideSolutionNode = FALSE
	EndGlobalSection
	GlobalSection(ExtensibilityGlobals) = postSolution
		SolutionGuid = {BF7B723D-DBBB-4984-965B-E9ED2C9CB5F4}
	EndGlobalSection
EndGlobal
